
Microsoft Visual Studio Solution File, Format Version 12.00
# Visual Studio 15
VisualStudioVersion = 15.0.27428.2005
MinimumVisualStudioVersion = 10.0.40219.1
Project("{FAE04EC0-301F-11D3-BF4B-00C04F79EFBC}") = "PriorityQueueWebAPI", "PriorityQueueWebAPI\PriorityQueueWebAPI.csproj", "{FAE9CF61-C054-47A6-9104-6050FCC162CD}"
EndProject
Global
	GlobalSection(SolutionConfigurationPlatforms) = preSolution
		Debug|Any CPU = Debug|Any CPU
		Release|Any CPU = Release|Any CPU
	EndGlobalSection
	GlobalSection(ProjectConfigurationPlatforms) = postSolution
		{FAE9CF61-C054-47A6-9104-6050FCC162CD}.Debug|Any CPU.ActiveCfg = Debug|Any CPU
		{FAE9CF61-C054-47A6-9104-6050FCC162CD}.Debug|Any CPU.Build.0 = Debug|Any CPU
		{FAE9CF61-C054-47A6-9104-6050FCC162CD}.Release|Any CPU.ActiveCfg = Release|Any CPU
		{FAE9CF61-C054-47A6-9104-6050FCC162CD}.Release|Any CPU.Build.0 = Release|Any CPU
	EndGlobalSection
	GlobalSection(SolutionProperties) = preSolution
		HideSolutionNode = FALSE
	EndGlobalSection
	GlobalSection(ExtensibilityGlobals) = postSolution
		SolutionGuid = {375840D1-3EA3-492D-A518-42115E7118D1}
	EndGlobalSection
EndGlobal
